
Microsoft Visual Studio Solution File, Format Version 12.00
# Visual Studio Version 17
VisualStudioVersion = 17.9.34701.34
MinimumVisualStudioVersion = 10.0.40219.1
Project("{FAE04EC0-301F-11D3-BF4B-00C04F79EFBC}") = "Calculator", "Calculator\Calculator.csproj", "{FF45B42D-6179-4BD8-9839-2A37CDAD088A}"
EndProject
Global
	GlobalSection(SolutionConfigurationPlatforms) = preSolution
		Debug|Any CPU = Debug|Any CPU
		Release|Any CPU = Release|Any CPU
	EndGlobalSection
	GlobalSection(ProjectConfigurationPlatforms) = postSolution
		{FF45B42D-6179-4BD8-9839-2A37CDAD088A}.Debug|Any CPU.ActiveCfg = Debug|Any CPU
		{FF45B42D-6179-4BD8-9839-2A37CDAD088A}.Debug|Any CPU.Build.0 = Debug|Any CPU
		{FF45B42D-6179-4BD8-9839-2A37CDAD088A}.Release|Any CPU.ActiveCfg = Release|Any CPU
		{FF45B42D-6179-4BD8-9839-2A37CDAD088A}.Release|Any CPU.Build.0 = Release|Any CPU
	EndGlobalSection
	GlobalSection(SolutionProperties) = preSolution
		HideSolutionNode = FALSE
	EndGlobalSection
	GlobalSection(ExtensibilityGlobals) = postSolution
		SolutionGuid = {FDF1DBC9-4C54-4251-9CCA-B4C2C9B46F7C}
	EndGlobalSection
EndGlobal
